
Microsoft Visual Studio Solution File, Format Version 12.00
# Visual Studio Version 17
VisualStudioVersion = 17.13.35919.96 d17.13
MinimumVisualStudioVersion = 10.0.40219.1
Project("{8BC9CEB8-8B4A-11D0-8D11-00A0C91BC942}") = "MergeSortForThread_28.9.1_HW-04", "MergeSortForThread_28.9.1_HW-04.vcxproj", "{4E542F20-FF6A-4C68-8717-71BE2160DD07}"
EndProject
Global
	GlobalSection(SolutionConfigurationPlatforms) = preSolution
		Debug|x64 = Debug|x64
		Debug|x86 = Debug|x86
		Release|x64 = Release|x64
		Release|x86 = Release|x86
	EndGlobalSection
	GlobalSection(ProjectConfigurationPlatforms) = postSolution
		{4E542F20-FF6A-4C68-8717-71BE2160DD07}.Debug|x64.ActiveCfg = Debug|x64
		{4E542F20-FF6A-4C68-8717-71BE2160DD07}.Debug|x64.Build.0 = Debug|x64
		{4E542F20-FF6A-4C68-8717-71BE2160DD07}.Debug|x86.ActiveCfg = Debug|Win32
		{4E542F20-FF6A-4C68-8717-71BE2160DD07}.Debug|x86.Build.0 = Debug|Win32
		{4E542F20-FF6A-4C68-8717-71BE2160DD07}.Release|x64.ActiveCfg = Release|x64
		{4E542F20-FF6A-4C68-8717-71BE2160DD07}.Release|x64.Build.0 = Release|x64
		{4E542F20-FF6A-4C68-8717-71BE2160DD07}.Release|x86.ActiveCfg = Release|Win32
		{4E542F20-FF6A-4C68-8717-71BE2160DD07}.Release|x86.Build.0 = Release|Win32
	EndGlobalSection
	GlobalSection(SolutionProperties) = preSolution
		HideSolutionNode = FALSE
	EndGlobalSection
	GlobalSection(ExtensibilityGlobals) = postSolution
		SolutionGuid = {74D8CA80-E2B3-402B-BBE7-B5A4A895C7B7}
	EndGlobalSection
EndGlobal
